// !$*UTF8*$!
{
	archiveVersion = 1;
	classes = {
	};
	objectVersion = 56;
	objects = {

/* Begin PBXBuildFile section */
		7C06142029C3BD10000B5A6A /* FirebaseAnalyticsSwift in Frameworks */ = {isa = PBXBuildFile; productRef = 7C06141F29C3BD10000B5A6A /* FirebaseAnalyticsSwift */; };
		7C06142229C3BD10000B5A6A /* FirebaseAuth in Frameworks */ = {isa = PBXBuildFile; productRef = 7C06142129C3BD10000B5A6A /* FirebaseAuth */; };
		7C06142429C3BD10000B5A6A /* FirebaseCrashlytics in Frameworks */ = {isa = PBXBuildFile; productRef = 7C06142329C3BD10000B5A6A /* FirebaseCrashlytics */; };
		7C06142629C3BD10000B5A6A /* FirebaseDatabaseSwift in Frameworks */ = {isa = PBXBuildFile; productRef = 7C06142529C3BD10000B5A6A /* FirebaseDatabaseSwift */; };
		7C06142829C3BD10000B5A6A /* FirebaseFirestoreSwift in Frameworks */ = {isa = PBXBuildFile; productRef = 7C06142729C3BD10000B5A6A /* FirebaseFirestoreSwift */; };
		7C06142A29C3BD10000B5A6A /* FirebaseMessaging in Frameworks */ = {isa = PBXBuildFile; productRef = 7C06142929C3BD10000B5A6A /* FirebaseMessaging */; };
		7C06142C29C3BD10000B5A6A /* FirebaseStorage in Frameworks */ = {isa = PBXBuildFile; productRef = 7C06142B29C3BD10000B5A6A /* FirebaseStorage */; };
		7C06143029C3BE0E000B5A6A /* DashboardView.swift in Sources */ = {isa = PBXBuildFile; fileRef = 7C06142F29C3BE0E000B5A6A /* DashboardView.swift */; };
		7C06143229C3C360000B5A6A /* GoogleService-Info.plist in Resources */ = {isa = PBXBuildFile; fileRef = 7C06143129C3C360000B5A6A /* GoogleService-Info.plist */; };
		7C06143429C3C908000B5A6A /* OnboardingView.swift in Sources */ = {isa = PBXBuildFile; fileRef = 7C06143329C3C908000B5A6A /* OnboardingView.swift */; };
		7C10765129E8872800695353 /* UserViewModel.swift in Sources */ = {isa = PBXBuildFile; fileRef = 7C10765029E8872800695353 /* UserViewModel.swift */; };
		7C38796829E9BD7A00B33528 /* Constants.swift in Sources */ = {isa = PBXBuildFile; fileRef = 7C38796729E9BD7A00B33528 /* Constants.swift */; };
		7C38796C29EA495E00B33528 /* InboxView.swift in Sources */ = {isa = PBXBuildFile; fileRef = 7C38796B29EA495E00B33528 /* InboxView.swift */; };
		7C38797029EA4C2E00B33528 /* MessageBubble.swift in Sources */ = {isa = PBXBuildFile; fileRef = 7C38796F29EA4C2E00B33528 /* MessageBubble.swift */; };
		7C38797329EA51DA00B33528 /* ConversationView.swift in Sources */ = {isa = PBXBuildFile; fileRef = 7C38797229EA51DA00B33528 /* ConversationView.swift */; };
		7C38797529EA5A7500B33528 /* MessageField.swift in Sources */ = {isa = PBXBuildFile; fileRef = 7C38797429EA5A7500B33528 /* MessageField.swift */; };
		7C38797729EA5FD200B33528 /* MessageManager.swift in Sources */ = {isa = PBXBuildFile; fileRef = 7C38797629EA5FD200B33528 /* MessageManager.swift */; };
		7C3E91F929C3F4C9002D9929 /* ServicesView.swift in Sources */ = {isa = PBXBuildFile; fileRef = 7C3E91F829C3F4C9002D9929 /* ServicesView.swift */; };
		7C468DF229C24E3E00A542E2 /* YardCallApp.swift in Sources */ = {isa = PBXBuildFile; fileRef = 7C468DF129C24E3E00A542E2 /* YardCallApp.swift */; };
		7C468DF429C24E3E00A542E2 /* ContentView.swift in Sources */ = {isa = PBXBuildFile; fileRef = 7C468DF329C24E3E00A542E2 /* ContentView.swift */; };
		7C468DF629C24E3F00A542E2 /* Assets.xcassets in Resources */ = {isa = PBXBuildFile; fileRef = 7C468DF529C24E3F00A542E2 /* Assets.xcassets */; };
		7C468DF929C24E3F00A542E2 /* Preview Assets.xcassets in Resources */ = {isa = PBXBuildFile; fileRef = 7C468DF829C24E3F00A542E2 /* Preview Assets.xcassets */; };
		7C50184E29E8FF6B0016F0E1 /* MenuView.swift in Sources */ = {isa = PBXBuildFile; fileRef = 7C50184D29E8FF6B0016F0E1 /* MenuView.swift */; };
		7C50185029E903600016F0E1 /* MainView.swift in Sources */ = {isa = PBXBuildFile; fileRef = 7C50184F29E903600016F0E1 /* MainView.swift */; };
		7C54B4A829F5D5F500EC4D8B /* CreateConvoView.swift in Sources */ = {isa = PBXBuildFile; fileRef = 7C54B4A729F5D5F500EC4D8B /* CreateConvoView.swift */; };
		7C54B4AA29F5D7ED00EC4D8B /* ProfileSearchView.swift in Sources */ = {isa = PBXBuildFile; fileRef = 7C54B4A929F5D7ED00EC4D8B /* ProfileSearchView.swift */; };
		7C54B4AC29F5D83500EC4D8B /* UsersLookupViewModel.swift in Sources */ = {isa = PBXBuildFile; fileRef = 7C54B4AB29F5D83500EC4D8B /* UsersLookupViewModel.swift */; };
		7C54B4AE29F5D94700EC4D8B /* MainViewModel.swift in Sources */ = {isa = PBXBuildFile; fileRef = 7C54B4AD29F5D94700EC4D8B /* MainViewModel.swift */; };
		7C63858D29DE190F00C64BD7 /* AuthLoginView.swift in Sources */ = {isa = PBXBuildFile; fileRef = 7C63858C29DE190E00C64BD7 /* AuthLoginView.swift */; };
		7C63858F29DE19D900C64BD7 /* AuthLoginViewModel.swift in Sources */ = {isa = PBXBuildFile; fileRef = 7C63858E29DE19D900C64BD7 /* AuthLoginViewModel.swift */; };
		7C77B74F29E0603B00D2CEEF /* AuthLoginModel.swift in Sources */ = {isa = PBXBuildFile; fileRef = 7C77B74E29E0603B00D2CEEF /* AuthLoginModel.swift */; };
		7C77B75129E0CE0300D2CEEF /* User.swift in Sources */ = {isa = PBXBuildFile; fileRef = 7C77B75029E0CE0300D2CEEF /* User.swift */; };
		7C8CE0852A0AFE3D00AFECB2 /* ImagePicker.swift in Sources */ = {isa = PBXBuildFile; fileRef = 7C8CE0842A0AFE3D00AFECB2 /* ImagePicker.swift */; };
		7CA1917229F86AFE00F217F6 /* ConvoManager.swift in Sources */ = {isa = PBXBuildFile; fileRef = 7CA1917129F86AFE00F217F6 /* ConvoManager.swift */; };
		7CB6E70029C6465F00C3EE09 /* DashboardViewModel.swift in Sources */ = {isa = PBXBuildFile; fileRef = 7CB6E6FF29C6465F00C3EE09 /* DashboardViewModel.swift */; };
/* End PBXBuildFile section */

/* Begin PBXFileReference section */
		7C06142F29C3BE0E000B5A6A /* DashboardView.swift */ = {isa = PBXFileReference; lastKnownFileType = sourcecode.swift; path = DashboardView.swift; sourceTree = "<group>"; };
		7C06143129C3C360000B5A6A /* GoogleService-Info.plist */ = {isa = PBXFileReference; fileEncoding = 4; lastKnownFileType = text.plist.xml; path = "GoogleService-Info.plist"; sourceTree = "<group>"; };
		7C06143329C3C908000B5A6A /* OnboardingView.swift */ = {isa = PBXFileReference; lastKnownFileType = sourcecode.swift; path = OnboardingView.swift; sourceTree = "<group>"; };
		7C10765029E8872800695353 /* UserViewModel.swift */ = {isa = PBXFileReference; lastKnownFileType = sourcecode.swift; name = UserViewModel.swift; path = "../New Group/UserViewModel.swift"; sourceTree = "<group>"; };
		7C38796729E9BD7A00B33528 /* Constants.swift */ = {isa = PBXFileReference; lastKnownFileType = sourcecode.swift; path = Constants.swift; sourceTree = "<group>"; };
		7C38796B29EA495E00B33528 /* InboxView.swift */ = {isa = PBXFileReference; lastKnownFileType = sourcecode.swift; path = InboxView.swift; sourceTree = "<group>"; };
		7C38796F29EA4C2E00B33528 /* MessageBubble.swift */ = {isa = PBXFileReference; lastKnownFileType = sourcecode.swift; path = MessageBubble.swift; sourceTree = "<group>"; };
		7C38797229EA51DA00B33528 /* ConversationView.swift */ = {isa = PBXFileReference; lastKnownFileType = sourcecode.swift; path = ConversationView.swift; sourceTree = "<group>"; };
		7C38797429EA5A7500B33528 /* MessageField.swift */ = {isa = PBXFileReference; lastKnownFileType = sourcecode.swift; path = MessageField.swift; sourceTree = "<group>"; };
		7C38797629EA5FD200B33528 /* MessageManager.swift */ = {isa = PBXFileReference; lastKnownFileType = sourcecode.swift; path = MessageManager.swift; sourceTree = "<group>"; };
		7C3E91F829C3F4C9002D9929 /* ServicesView.swift */ = {isa = PBXFileReference; lastKnownFileType = sourcecode.swift; path = ServicesView.swift; sourceTree = "<group>"; };
		7C468DEE29C24E3E00A542E2 /* YardCall.app */ = {isa = PBXFileReference; explicitFileType = wrapper.application; includeInIndex = 0; path = YardCall.app; sourceTree = BUILT_PRODUCTS_DIR; };
		7C468DF129C24E3E00A542E2 /* YardCallApp.swift */ = {isa = PBXFileReference; lastKnownFileType = sourcecode.swift; path = YardCallApp.swift; sourceTree = "<group>"; };
		7C468DF329C24E3E00A542E2 /* ContentView.swift */ = {isa = PBXFileReference; lastKnownFileType = sourcecode.swift; path = ContentView.swift; sourceTree = "<group>"; };
		7C468DF529C24E3F00A542E2 /* Assets.xcassets */ = {isa = PBXFileReference; lastKnownFileType = folder.assetcatalog; path = Assets.xcassets; sourceTree = "<group>"; };
		7C468DF829C24E3F00A542E2 /* Preview Assets.xcassets */ = {isa = PBXFileReference; lastKnownFileType = folder.assetcatalog; path = "Preview Assets.xcassets"; sourceTree = "<group>"; };
		7C50184D29E8FF6B0016F0E1 /* MenuView.swift */ = {isa = PBXFileReference; lastKnownFileType = sourcecode.swift; path = MenuView.swift; sourceTree = "<group>"; };
		7C50184F29E903600016F0E1 /* MainView.swift */ = {isa = PBXFileReference; lastKnownFileType = sourcecode.swift; path = MainView.swift; sourceTree = "<group>"; };
		7C54B4A729F5D5F500EC4D8B /* CreateConvoView.swift */ = {isa = PBXFileReference; lastKnownFileType = sourcecode.swift; path = CreateConvoView.swift; sourceTree = "<group>"; };
		7C54B4A929F5D7ED00EC4D8B /* ProfileSearchView.swift */ = {isa = PBXFileReference; lastKnownFileType = sourcecode.swift; path = ProfileSearchView.swift; sourceTree = "<group>"; };
		7C54B4AB29F5D83500EC4D8B /* UsersLookupViewModel.swift */ = {isa = PBXFileReference; lastKnownFileType = sourcecode.swift; path = UsersLookupViewModel.swift; sourceTree = "<group>"; };
		7C54B4AD29F5D94700EC4D8B /* MainViewModel.swift */ = {isa = PBXFileReference; lastKnownFileType = sourcecode.swift; path = MainViewModel.swift; sourceTree = "<group>"; };
		7C63858C29DE190E00C64BD7 /* AuthLoginView.swift */ = {isa = PBXFileReference; lastKnownFileType = sourcecode.swift; path = AuthLoginView.swift; sourceTree = "<group>"; };
		7C63858E29DE19D900C64BD7 /* AuthLoginViewModel.swift */ = {isa = PBXFileReference; lastKnownFileType = sourcecode.swift; path = AuthLoginViewModel.swift; sourceTree = "<group>"; };
		7C77B74E29E0603B00D2CEEF /* AuthLoginModel.swift */ = {isa = PBXFileReference; lastKnownFileType = sourcecode.swift; path = AuthLoginModel.swift; sourceTree = "<group>"; };
		7C77B75029E0CE0300D2CEEF /* User.swift */ = {isa = PBXFileReference; lastKnownFileType = sourcecode.swift; path = User.swift; sourceTree = "<group>"; };
		7C8CE0842A0AFE3D00AFECB2 /* ImagePicker.swift */ = {isa = PBXFileReference; lastKnownFileType = sourcecode.swift; path = ImagePicker.swift; sourceTree = "<group>"; };
		7CA1917129F86AFE00F217F6 /* ConvoManager.swift */ = {isa = PBXFileReference; lastKnownFileType = sourcecode.swift; path = ConvoManager.swift; sourceTree = "<group>"; };
		7CB6E6FF29C6465F00C3EE09 /* DashboardViewModel.swift */ = {isa = PBXFileReference; lastKnownFileType = sourcecode.swift; path = DashboardViewModel.swift; sourceTree = "<group>"; };
/* End PBXFileReference section */

/* Begin PBXFrameworksBuildPhase section */
		7C468DEB29C24E3E00A542E2 /* Frameworks */ = {
			isa = PBXFrameworksBuildPhase;
			buildActionMask = 2147483647;
			files = (
				7C06142A29C3BD10000B5A6A /* FirebaseMessaging in Frameworks */,
				7C06142829C3BD10000B5A6A /* FirebaseFirestoreSwift in Frameworks */,
				7C06142629C3BD10000B5A6A /* FirebaseDatabaseSwift in Frameworks */,
				7C06142429C3BD10000B5A6A /* FirebaseCrashlytics in Frameworks */,
				7C06142C29C3BD10000B5A6A /* FirebaseStorage in Frameworks */,
				7C06142029C3BD10000B5A6A /* FirebaseAnalyticsSwift in Frameworks */,
				7C06142229C3BD10000B5A6A /* FirebaseAuth in Frameworks */,
			);
			runOnlyForDeploymentPostprocessing = 0;
		};
/* End PBXFrameworksBuildPhase section */

/* Begin PBXGroup section */
		7C06141D29C3BB73000B5A6A /* Login */ = {
			isa = PBXGroup;
			children = (
				7C63858C29DE190E00C64BD7 /* AuthLoginView.swift */,
				7C63858E29DE19D900C64BD7 /* AuthLoginViewModel.swift */,
				7C77B74E29E0603B00D2CEEF /* AuthLoginModel.swift */,
			);
			path = Login;
			sourceTree = "<group>";
		};
		7C20B5EA29F8680B0091734F /* Conversation */ = {
			isa = PBXGroup;
			children = (
				7C54B4A729F5D5F500EC4D8B /* CreateConvoView.swift */,
				7C38796B29EA495E00B33528 /* InboxView.swift */,
				7CA1917129F86AFE00F217F6 /* ConvoManager.swift */,
			);
			path = Conversation;
			sourceTree = "<group>";
		};
		7C38797129EA51A000B33528 /* Messaging */ = {
			isa = PBXGroup;
			children = (
				7C38796F29EA4C2E00B33528 /* MessageBubble.swift */,
				7C38797429EA5A7500B33528 /* MessageField.swift */,
				7C38797629EA5FD200B33528 /* MessageManager.swift */,
				7C38797229EA51DA00B33528 /* ConversationView.swift */,
			);
			path = Messaging;
			sourceTree = "<group>";
		};
		7C468DE529C24E3E00A542E2 = {
			isa = PBXGroup;
			children = (
				7C468DF029C24E3E00A542E2 /* YardCall */,
				7C06143129C3C360000B5A6A /* GoogleService-Info.plist */,
				7C468DEF29C24E3E00A542E2 /* Products */,
			);
			sourceTree = "<group>";
		};
		7C468DEF29C24E3E00A542E2 /* Products */ = {
			isa = PBXGroup;
			children = (
				7C468DEE29C24E3E00A542E2 /* YardCall.app */,
			);
			name = Products;
			sourceTree = "<group>";
		};
		7C468DF029C24E3E00A542E2 /* YardCall */ = {
			isa = PBXGroup;
			children = (
				7C38796729E9BD7A00B33528 /* Constants.swift */,
				7C468DF329C24E3E00A542E2 /* ContentView.swift */,
				7C50184F29E903600016F0E1 /* MainView.swift */,
				7C54B4AD29F5D94700EC4D8B /* MainViewModel.swift */,
				7C50184D29E8FF6B0016F0E1 /* MenuView.swift */,
				7C06143329C3C908000B5A6A /* OnboardingView.swift */,
				7C3E91F829C3F4C9002D9929 /* ServicesView.swift */,
				7C468DF129C24E3E00A542E2 /* YardCallApp.swift */,
				7C8CE0842A0AFE3D00AFECB2 /* ImagePicker.swift */,
				7C468DF529C24E3F00A542E2 /* Assets.xcassets */,
				7CB6E70129C6466800C3EE09 /* Dashboard */,
				7C06141D29C3BB73000B5A6A /* Login */,
				7C20B5EA29F8680B0091734F /* Conversation */,
				7C38797129EA51A000B33528 /* Messaging */,
				7C468DF729C24E3F00A542E2 /* Preview Content */,
				7C50184C29E8FE710016F0E1 /* User */,
			);
			path = YardCall;
			sourceTree = "<group>";
		};
		7C468DF729C24E3F00A542E2 /* Preview Content */ = {
			isa = PBXGroup;
			children = (
				7C468DF829C24E3F00A542E2 /* Preview Assets.xcassets */,
			);
			path = "Preview Content";
			sourceTree = "<group>";
		};
		7C50184C29E8FE710016F0E1 /* User */ = {
			isa = PBXGroup;
			children = (
				7C77B75029E0CE0300D2CEEF /* User.swift */,
				7C10765029E8872800695353 /* UserViewModel.swift */,
				7C54B4AB29F5D83500EC4D8B /* UsersLookupViewModel.swift */,
				7C54B4A929F5D7ED00EC4D8B /* ProfileSearchView.swift */,
			);
			path = User;
			sourceTree = "<group>";
		};
		7CB6E70129C6466800C3EE09 /* Dashboard */ = {
			isa = PBXGroup;
			children = (
				7C06142F29C3BE0E000B5A6A /* DashboardView.swift */,
				7CB6E6FF29C6465F00C3EE09 /* DashboardViewModel.swift */,
			);
			path = Dashboard;
			sourceTree = "<group>";
		};
/* End PBXGroup section */

/* Begin PBXNativeTarget section */
		7C468DED29C24E3E00A542E2 /* YardCall */ = {
			isa = PBXNativeTarget;
			buildConfigurationList = 7C468DFC29C24E3F00A542E2 /* Build configuration list for PBXNativeTarget "YardCall" */;
			buildPhases = (
				7C468DEA29C24E3E00A542E2 /* Sources */,
				7C468DEB29C24E3E00A542E2 /* Frameworks */,
				7C468DEC29C24E3E00A542E2 /* Resources */,
			);
			buildRules = (
			);
			dependencies = (
			);
			name = YardCall;
			packageProductDependencies = (
				7C06141F29C3BD10000B5A6A /* FirebaseAnalyticsSwift */,
				7C06142129C3BD10000B5A6A /* FirebaseAuth */,
				7C06142329C3BD10000B5A6A /* FirebaseCrashlytics */,
				7C06142529C3BD10000B5A6A /* FirebaseDatabaseSwift */,
				7C06142729C3BD10000B5A6A /* FirebaseFirestoreSwift */,
				7C06142929C3BD10000B5A6A /* FirebaseMessaging */,
				7C06142B29C3BD10000B5A6A /* FirebaseStorage */,
			);
			productName = YardCall;
			productReference = 7C468DEE29C24E3E00A542E2 /* YardCall.app */;
			productType = "com.apple.product-type.application";
		};
/* End PBXNativeTarget section */

/* Begin PBXProject section */
		7C468DE629C24E3E00A542E2 /* Project object */ = {
			isa = PBXProject;
			attributes = {
				BuildIndependentTargetsInParallel = 1;
				LastSwiftUpdateCheck = 1420;
				LastUpgradeCheck = 1420;
				TargetAttributes = {
					7C468DED29C24E3E00A542E2 = {
						CreatedOnToolsVersion = 14.2;
					};
				};
			};
			buildConfigurationList = 7C468DE929C24E3E00A542E2 /* Build configuration list for PBXProject "YardCall" */;
			compatibilityVersion = "Xcode 14.0";
			developmentRegion = en;
			hasScannedForEncodings = 0;
			knownRegions = (
				en,
				Base,
			);
			mainGroup = 7C468DE529C24E3E00A542E2;
			packageReferences = (
				7C06141E29C3BD10000B5A6A /* XCRemoteSwiftPackageReference "firebase-ios-sdk" */,
			);
			productRefGroup = 7C468DEF29C24E3E00A542E2 /* Products */;
			projectDirPath = "";
			projectRoot = "";
			targets = (
				7C468DED29C24E3E00A542E2 /* YardCall */,
			);
		};
/* End PBXProject section */

/* Begin PBXResourcesBuildPhase section */
		7C468DEC29C24E3E00A542E2 /* Resources */ = {
			isa = PBXResourcesBuildPhase;
			buildActionMask = 2147483647;
			files = (
				7C468DF929C24E3F00A542E2 /* Preview Assets.xcassets in Resources */,
				7C468DF629C24E3F00A542E2 /* Assets.xcassets in Resources */,
				7C06143229C3C360000B5A6A /* GoogleService-Info.plist in Resources */,
			);
			runOnlyForDeploymentPostprocessing = 0;
		};
/* End PBXResourcesBuildPhase section */

/* Begin PBXSourcesBuildPhase section */
		7C468DEA29C24E3E00A542E2 /* Sources */ = {
			isa = PBXSourcesBuildPhase;
			buildActionMask = 2147483647;
			files = (
				7C06143029C3BE0E000B5A6A /* DashboardView.swift in Sources */,
				7C50185029E903600016F0E1 /* MainView.swift in Sources */,
				7C8CE0852A0AFE3D00AFECB2 /* ImagePicker.swift in Sources */,
				7C50184E29E8FF6B0016F0E1 /* MenuView.swift in Sources */,
				7C63858F29DE19D900C64BD7 /* AuthLoginViewModel.swift in Sources */,
				7C77B75129E0CE0300D2CEEF /* User.swift in Sources */,
				7CA1917229F86AFE00F217F6 /* ConvoManager.swift in Sources */,
				7C54B4AE29F5D94700EC4D8B /* MainViewModel.swift in Sources */,
				7C63858D29DE190F00C64BD7 /* AuthLoginView.swift in Sources */,
				7C77B74F29E0603B00D2CEEF /* AuthLoginModel.swift in Sources */,
				7C38797729EA5FD200B33528 /* MessageManager.swift in Sources */,
				7C38796C29EA495E00B33528 /* InboxView.swift in Sources */,
				7CB6E70029C6465F00C3EE09 /* DashboardViewModel.swift in Sources */,
				7C38797529EA5A7500B33528 /* MessageField.swift in Sources */,
				7C3E91F929C3F4C9002D9929 /* ServicesView.swift in Sources */,
				7C38797029EA4C2E00B33528 /* MessageBubble.swift in Sources */,
				7C10765129E8872800695353 /* UserViewModel.swift in Sources */,
				7C468DF429C24E3E00A542E2 /* ContentView.swift in Sources */,
				7C54B4AC29F5D83500EC4D8B /* UsersLookupViewModel.swift in Sources */,
				7C38796829E9BD7A00B33528 /* Constants.swift in Sources */,
				7C468DF229C24E3E00A542E2 /* YardCallApp.swift in Sources */,
				7C54B4AA29F5D7ED00EC4D8B /* ProfileSearchView.swift in Sources */,
				7C06143429C3C908000B5A6A /* OnboardingView.swift in Sources */,
				7C54B4A829F5D5F500EC4D8B /* CreateConvoView.swift in Sources */,
				7C38797329EA51DA00B33528 /* ConversationView.swift in Sources */,
			);
			runOnlyForDeploymentPostprocessing = 0;
		};
/* End PBXSourcesBuildPhase section */

/* Begin XCBuildConfiguration section */
		7C468DFA29C24E3F00A542E2 /* Debug */ = {
			isa = XCBuildConfiguration;
			buildSettings = {
				ALWAYS_SEARCH_USER_PATHS = NO;
				CLANG_ANALYZER_NONNULL = YES;
				CLANG_ANALYZER_NUMBER_OBJECT_CONVERSION = YES_AGGRESSIVE;
				CLANG_CXX_LANGUAGE_STANDARD = "gnu++20";
				CLANG_ENABLE_MODULES = YES;
				CLANG_ENABLE_OBJC_ARC = YES;
				CLANG_ENABLE_OBJC_WEAK = YES;
				CLANG_WARN_BLOCK_CAPTURE_AUTORELEASING = YES;
				CLANG_WARN_BOOL_CONVERSION = YES;
				CLANG_WARN_COMMA = YES;
				CLANG_WARN_CONSTANT_CONVERSION = YES;
				CLANG_WARN_DEPRECATED_OBJC_IMPLEMENTATIONS = YES;
				CLANG_WARN_DIRECT_OBJC_ISA_USAGE = YES_ERROR;
				CLANG_WARN_DOCUMENTATION_COMMENTS = YES;
				CLANG_WARN_EMPTY_BODY = YES;
				CLANG_WARN_ENUM_CONVERSION = YES;
				CLANG_WARN_INFINITE_RECURSION = YES;
				CLANG_WARN_INT_CONVERSION = YES;
				CLANG_WARN_NON_LITERAL_NULL_CONVERSION = YES;
				CLANG_WARN_OBJC_IMPLICIT_RETAIN_SELF = YES;
				CLANG_WARN_OBJC_LITERAL_CONVERSION = YES;
				CLANG_WARN_OBJC_ROOT_CLASS = YES_ERROR;
				CLANG_WARN_QUOTED_INCLUDE_IN_FRAMEWORK_HEADER = YES;
				CLANG_WARN_RANGE_LOOP_ANALYSIS = YES;
				CLANG_WARN_STRICT_PROTOTYPES = YES;
				CLANG_WARN_SUSPICIOUS_MOVE = YES;
				CLANG_WARN_UNGUARDED_AVAILABILITY = YES_AGGRESSIVE;
				CLANG_WARN_UNREACHABLE_CODE = YES;
				CLANG_WARN__DUPLICATE_METHOD_MATCH = YES;
				COPY_PHASE_STRIP = NO;
				DEBUG_INFORMATION_FORMAT = dwarf;
				ENABLE_STRICT_OBJC_MSGSEND = YES;
				ENABLE_TESTABILITY = YES;
				GCC_C_LANGUAGE_STANDARD = gnu11;
				GCC_DYNAMIC_NO_PIC = NO;
				GCC_NO_COMMON_BLOCKS = YES;
				GCC_OPTIMIZATION_LEVEL = 0;
				GCC_PREPROCESSOR_DEFINITIONS = (
					"DEBUG=1",
					"$(inherited)",
				);
				GCC_WARN_64_TO_32_BIT_CONVERSION = YES;
				GCC_WARN_ABOUT_RETURN_TYPE = YES_ERROR;
				GCC_WARN_UNDECLARED_SELECTOR = YES;
				GCC_WARN_UNINITIALIZED_AUTOS = YES_AGGRESSIVE;
				GCC_WARN_UNUSED_FUNCTION = YES;
				GCC_WARN_UNUSED_VARIABLE = YES;
				IPHONEOS_DEPLOYMENT_TARGET = 16.2;
				MTL_ENABLE_DEBUG_INFO = INCLUDE_SOURCE;
				MTL_FAST_MATH = YES;
				ONLY_ACTIVE_ARCH = YES;
				SDKROOT = iphoneos;
				SWIFT_ACTIVE_COMPILATION_CONDITIONS = DEBUG;
				SWIFT_OPTIMIZATION_LEVEL = "-Onone";
			};
			name = Debug;
		};
		7C468DFB29C24E3F00A542E2 /* Release */ = {
			isa = XCBuildConfiguration;
			buildSettings = {
				ALWAYS_SEARCH_USER_PATHS = NO;
				CLANG_ANALYZER_NONNULL = YES;
				CLANG_ANALYZER_NUMBER_OBJECT_CONVERSION = YES_AGGRESSIVE;
				CLANG_CXX_LANGUAGE_STANDARD = "gnu++20";
				CLANG_ENABLE_MODULES = YES;
				CLANG_ENABLE_OBJC_ARC = YES;
				CLANG_ENABLE_OBJC_WEAK = YES;
				CLANG_WARN_BLOCK_CAPTURE_AUTORELEASING = YES;
				CLANG_WARN_BOOL_CONVERSION = YES;
				CLANG_WARN_COMMA = YES;
				CLANG_WARN_CONSTANT_CONVERSION = YES;
				CLANG_WARN_DEPRECATED_OBJC_IMPLEMENTATIONS = YES;
				CLANG_WARN_DIRECT_OBJC_ISA_USAGE = YES_ERROR;
				CLANG_WARN_DOCUMENTATION_COMMENTS = YES;
				CLANG_WARN_EMPTY_BODY = YES;
				CLANG_WARN_ENUM_CONVERSION = YES;
				CLANG_WARN_INFINITE_RECURSION = YES;
				CLANG_WARN_INT_CONVERSION = YES;
				CLANG_WARN_NON_LITERAL_NULL_CONVERSION = YES;
				CLANG_WARN_OBJC_IMPLICIT_RETAIN_SELF = YES;
				CLANG_WARN_OBJC_LITERAL_CONVERSION = YES;
				CLANG_WARN_OBJC_ROOT_CLASS = YES_ERROR;
				CLANG_WARN_QUOTED_INCLUDE_IN_FRAMEWORK_HEADER = YES;
				CLANG_WARN_RANGE_LOOP_ANALYSIS = YES;
				CLANG_WARN_STRICT_PROTOTYPES = YES;
				CLANG_WARN_SUSPICIOUS_MOVE = YES;
				CLANG_WARN_UNGUARDED_AVAILABILITY = YES_AGGRESSIVE;
				CLANG_WARN_UNREACHABLE_CODE = YES;
				CLANG_WARN__DUPLICATE_METHOD_MATCH = YES;
				COPY_PHASE_STRIP = NO;
				DEBUG_INFORMATION_FORMAT = "dwarf-with-dsym";
				ENABLE_NS_ASSERTIONS = NO;
				ENABLE_STRICT_OBJC_MSGSEND = YES;
				GCC_C_LANGUAGE_STANDARD = gnu11;
				GCC_NO_COMMON_BLOCKS = YES;
				GCC_WARN_64_TO_32_BIT_CONVERSION = YES;
				GCC_WARN_ABOUT_RETURN_TYPE = YES_ERROR;
				GCC_WARN_UNDECLARED_SELECTOR = YES;
				GCC_WARN_UNINITIALIZED_AUTOS = YES_AGGRESSIVE;
				GCC_WARN_UNUSED_FUNCTION = YES;
				GCC_WARN_UNUSED_VARIABLE = YES;
				IPHONEOS_DEPLOYMENT_TARGET = 16.2;
				MTL_ENABLE_DEBUG_INFO = NO;
				MTL_FAST_MATH = YES;
				SDKROOT = iphoneos;
				SWIFT_COMPILATION_MODE = wholemodule;
				SWIFT_OPTIMIZATION_LEVEL = "-O";
				VALIDATE_PRODUCT = YES;
			};
			name = Release;
		};
		7C468DFD29C24E3F00A542E2 /* Debug */ = {
			isa = XCBuildConfiguration;
			buildSettings = {
				ASSETCATALOG_COMPILER_APPICON_NAME = AppIcon;
				ASSETCATALOG_COMPILER_GLOBAL_ACCENT_COLOR_NAME = AccentColor;
				CODE_SIGN_STYLE = Automatic;
				CURRENT_PROJECT_VERSION = 1;
				DEBUG_INFORMATION_FORMAT = "dwarf-with-dsym";
				DEVELOPMENT_ASSET_PATHS = "\"YardCall/Preview Content\"";
				DEVELOPMENT_TEAM = 53JJ53G35A;
				ENABLE_PREVIEWS = YES;
				GENERATE_INFOPLIST_FILE = YES;
				INFOPLIST_KEY_UIApplicationSceneManifest_Generation = YES;
				INFOPLIST_KEY_UIApplicationSupportsIndirectInputEvents = YES;
				INFOPLIST_KEY_UILaunchScreen_Generation = YES;
				INFOPLIST_KEY_UISupportedInterfaceOrientations_iPad = "UIInterfaceOrientationPortrait UIInterfaceOrientationPortraitUpsideDown UIInterfaceOrientationLandscapeLeft UIInterfaceOrientationLandscapeRight";
				INFOPLIST_KEY_UISupportedInterfaceOrientations_iPhone = "UIInterfaceOrientationPortrait UIInterfaceOrientationLandscapeLeft UIInterfaceOrientationLandscapeRight";
				LD_RUNPATH_SEARCH_PATHS = (
					"$(inherited)",
					"@executable_path/Frameworks",
				);
				MARKETING_VERSION = 1.0;
				PRODUCT_BUNDLE_IDENTIFIER = com.JacobRG.YardCall;
				PRODUCT_NAME = "$(TARGET_NAME)";
				SWIFT_EMIT_LOC_STRINGS = YES;
				SWIFT_VERSION = 5.0;
				TARGETED_DEVICE_FAMILY = "1,2";
			};
			name = Debug;
		};
		7C468DFE29C24E3F00A542E2 /* Release */ = {
			isa = XCBuildConfiguration;
			buildSettings = {
				ASSETCATALOG_COMPILER_APPICON_NAME = AppIcon;
				ASSETCATALOG_COMPILER_GLOBAL_ACCENT_COLOR_NAME = AccentColor;
				CODE_SIGN_STYLE = Automatic;
				CURRENT_PROJECT_VERSION = 1;
				DEVELOPMENT_ASSET_PATHS = "\"YardCall/Preview Content\"";
				DEVELOPMENT_TEAM = 53JJ53G35A;
				ENABLE_PREVIEWS = YES;
				GENERATE_INFOPLIST_FILE = YES;
				INFOPLIST_KEY_UIApplicationSceneManifest_Generation = YES;
				INFOPLIST_KEY_UIApplicationSupportsIndirectInputEvents = YES;
				INFOPLIST_KEY_UILaunchScreen_Generation = YES;
				INFOPLIST_KEY_UISupportedInterfaceOrientations_iPad = "UIInterfaceOrientationPortrait UIInterfaceOrientationPortraitUpsideDown UIInterfaceOrientationLandscapeLeft UIInterfaceOrientationLandscapeRight";
				INFOPLIST_KEY_UISupportedInterfaceOrientations_iPhone = "UIInterfaceOrientationPortrait UIInterfaceOrientationLandscapeLeft UIInterfaceOrientationLandscapeRight";
				LD_RUNPATH_SEARCH_PATHS = (
					"$(inherited)",
					"@executable_path/Frameworks",
				);
				MARKETING_VERSION = 1.0;
				PRODUCT_BUNDLE_IDENTIFIER = com.JacobRG.YardCall;
				PRODUCT_NAME = "$(TARGET_NAME)";
				SWIFT_EMIT_LOC_STRINGS = YES;
				SWIFT_VERSION = 5.0;
				TARGETED_DEVICE_FAMILY = "1,2";
			};
			name = Release;
		};
/* End XCBuildConfiguration section */

/* Begin XCConfigurationList section */
		7C468DE929C24E3E00A542E2 /* Build configuration list for PBXProject "YardCall" */ = {
			isa = XCConfigurationList;
			buildConfigurations = (
				7C468DFA29C24E3F00A542E2 /* Debug */,
				7C468DFB29C24E3F00A542E2 /* Release */,
			);
			defaultConfigurationIsVisible = 0;
			defaultConfigurationName = Release;
		};
		7C468DFC29C24E3F00A542E2 /* Build configuration list for PBXNativeTarget "YardCall" */ = {
			isa = XCConfigurationList;
			buildConfigurations = (
				7C468DFD29C24E3F00A542E2 /* Debug */,
				7C468DFE29C24E3F00A542E2 /* Release */,
			);
			defaultConfigurationIsVisible = 0;
			defaultConfigurationName = Release;
		};
/* End XCConfigurationList section */

/* Begin XCRemoteSwiftPackageReference section */
		7C06141E29C3BD10000B5A6A /* XCRemoteSwiftPackageReference "firebase-ios-sdk" */ = {
			isa = XCRemoteSwiftPackageReference;
			repositoryURL = "https://github.com/firebase/firebase-ios-sdk.git";
			requirement = {
				kind = exactVersion;
				version = 9.6.0;
			};
		};
/* End XCRemoteSwiftPackageReference section */

/* Begin XCSwiftPackageProductDependency section */
		7C06141F29C3BD10000B5A6A /* FirebaseAnalyticsSwift */ = {
			isa = XCSwiftPackageProductDependency;
			package = 7C06141E29C3BD10000B5A6A /* XCRemoteSwiftPackageReference "firebase-ios-sdk" */;
			productName = FirebaseAnalyticsSwift;
		};
		7C06142129C3BD10000B5A6A /* FirebaseAuth */ = {
			isa = XCSwiftPackageProductDependency;
			package = 7C06141E29C3BD10000B5A6A /* XCRemoteSwiftPackageReference "firebase-ios-sdk" */;
			productName = FirebaseAuth;
		};
		7C06142329C3BD10000B5A6A /* FirebaseCrashlytics */ = {
			isa = XCSwiftPackageProductDependency;
			package = 7C06141E29C3BD10000B5A6A /* XCRemoteSwiftPackageReference "firebase-ios-sdk" */;
			productName = FirebaseCrashlytics;
		};
		7C06142529C3BD10000B5A6A /* FirebaseDatabaseSwift */ = {
			isa = XCSwiftPackageProductDependency;
			package = 7C06141E29C3BD10000B5A6A /* XCRemoteSwiftPackageReference "firebase-ios-sdk" */;
			productName = FirebaseDatabaseSwift;
		};
		7C06142729C3BD10000B5A6A /* FirebaseFirestoreSwift */ = {
			isa = XCSwiftPackageProductDependency;
			package = 7C06141E29C3BD10000B5A6A /* XCRemoteSwiftPackageReference "firebase-ios-sdk" */;
			productName = FirebaseFirestoreSwift;
		};
		7C06142929C3BD10000B5A6A /* FirebaseMessaging */ = {
			isa = XCSwiftPackageProductDependency;
			package = 7C06141E29C3BD10000B5A6A /* XCRemoteSwiftPackageReference "firebase-ios-sdk" */;
			productName = FirebaseMessaging;
		};
		7C06142B29C3BD10000B5A6A /* FirebaseStorage */ = {
			isa = XCSwiftPackageProductDependency;
			package = 7C06141E29C3BD10000B5A6A /* XCRemoteSwiftPackageReference "firebase-ios-sdk" */;
			productName = FirebaseStorage;
		};
/* End XCSwiftPackageProductDependency section */
	};
	rootObject = 7C468DE629C24E3E00A542E2 /* Project object */;
}
